
Microsoft Visual Studio Solution File, Format Version 12.00
# Visual Studio Version 17
VisualStudioVersion = 17.0.32112.339
MinimumVisualStudioVersion = 10.0.40219.1
Project("{FAE04EC0-301F-11D3-BF4B-00C04F79EFBC}") = "Test", "Test\Test.csproj", "{3C208FB7-48C9-4112-B37D-E5947D3228EC}"
EndProject
Project("{FAE04EC0-301F-11D3-BF4B-00C04F79EFBC}") = "Exoheritage", "Exoheritage\Exoheritage.csproj", "{BB125499-6287-49FA-80C1-AADE04DBC268}"
EndProject
Project("{FAE04EC0-301F-11D3-BF4B-00C04F79EFBC}") = "ExoAbstractInterface", "ExoAbstractInterface\ExoAbstractInterface.csproj", "{59A86135-BD2B-46BC-805B-F593062CED8A}"
EndProject
Project("{FAE04EC0-301F-11D3-BF4B-00C04F79EFBC}") = "ExOperateurs", "Exo\ExOperateurs.csproj", "{CA648BF8-5415-4858-BA5F-D57C217CF639}"
EndProject
Project("{FAE04EC0-301F-11D3-BF4B-00C04F79EFBC}") = "ExoDataStructure", "ExoDataStructure\ExoDataStructure.csproj", "{DAAED96A-6167-413D-8B3D-93952347296B}"
EndProject
Global
	GlobalSection(SolutionConfigurationPlatforms) = preSolution
		Debug|Any CPU = Debug|Any CPU
		Release|Any CPU = Release|Any CPU
	EndGlobalSection
	GlobalSection(ProjectConfigurationPlatforms) = postSolution
		{3C208FB7-48C9-4112-B37D-E5947D3228EC}.Debug|Any CPU.ActiveCfg = Debug|Any CPU
		{3C208FB7-48C9-4112-B37D-E5947D3228EC}.Debug|Any CPU.Build.0 = Debug|Any CPU
		{3C208FB7-48C9-4112-B37D-E5947D3228EC}.Release|Any CPU.ActiveCfg = Release|Any CPU
		{3C208FB7-48C9-4112-B37D-E5947D3228EC}.Release|Any CPU.Build.0 = Release|Any CPU
		{BB125499-6287-49FA-80C1-AADE04DBC268}.Debug|Any CPU.ActiveCfg = Debug|Any CPU
		{BB125499-6287-49FA-80C1-AADE04DBC268}.Debug|Any CPU.Build.0 = Debug|Any CPU
		{BB125499-6287-49FA-80C1-AADE04DBC268}.Release|Any CPU.ActiveCfg = Release|Any CPU
		{BB125499-6287-49FA-80C1-AADE04DBC268}.Release|Any CPU.Build.0 = Release|Any CPU
		{59A86135-BD2B-46BC-805B-F593062CED8A}.Debug|Any CPU.ActiveCfg = Debug|Any CPU
		{59A86135-BD2B-46BC-805B-F593062CED8A}.Debug|Any CPU.Build.0 = Debug|Any CPU
		{59A86135-BD2B-46BC-805B-F593062CED8A}.Release|Any CPU.ActiveCfg = Release|Any CPU
		{59A86135-BD2B-46BC-805B-F593062CED8A}.Release|Any CPU.Build.0 = Release|Any CPU
		{CA648BF8-5415-4858-BA5F-D57C217CF639}.Debug|Any CPU.ActiveCfg = Debug|Any CPU
		{CA648BF8-5415-4858-BA5F-D57C217CF639}.Debug|Any CPU.Build.0 = Debug|Any CPU
		{CA648BF8-5415-4858-BA5F-D57C217CF639}.Release|Any CPU.ActiveCfg = Release|Any CPU
		{CA648BF8-5415-4858-BA5F-D57C217CF639}.Release|Any CPU.Build.0 = Release|Any CPU
		{DAAED96A-6167-413D-8B3D-93952347296B}.Debug|Any CPU.ActiveCfg = Debug|Any CPU
		{DAAED96A-6167-413D-8B3D-93952347296B}.Debug|Any CPU.Build.0 = Debug|Any CPU
		{DAAED96A-6167-413D-8B3D-93952347296B}.Release|Any CPU.ActiveCfg = Release|Any CPU
		{DAAED96A-6167-413D-8B3D-93952347296B}.Release|Any CPU.Build.0 = Release|Any CPU
	EndGlobalSection
	GlobalSection(SolutionProperties) = preSolution
		HideSolutionNode = FALSE
	EndGlobalSection
	GlobalSection(ExtensibilityGlobals) = postSolution
		SolutionGuid = {DADC1AAD-7E76-4754-985B-C3B68078BDE7}
	EndGlobalSection
EndGlobal
